// !$*UTF8*$!
{
	archiveVersion = 1;
	classes = {
	};
	objectVersion = 46;
	objects = {

/* Begin PBXBuildFile section */
		6342C8E41F3F4FCD00B1E9EB /* SFView.framework in Frameworks */ = {isa = PBXBuildFile; fileRef = 6342C8E31F3F4FCD00B1E9EB /* SFView.framework */; };
		6390F7971F916FF50012A463 /* f26Core.framework in Frameworks */ = {isa = PBXBuildFile; fileRef = 6390F7981F916FF50012A463 /* f26Core.framework */; };
		63A31773206F96FC00B6E700 /* ArtworkCommentsDisplayViewAccessStrategy.swift in Sources */ = {isa = PBXBuildFile; fileRef = 63A3175A206F96FC00B6E700 /* ArtworkCommentsDisplayViewAccessStrategy.swift */; };
		63A31774206F96FC00B6E700 /* ProtocolArtworkCommentsDisplayViewAccessStrategy.swift in Sources */ = {isa = PBXBuildFile; fileRef = 63A3175C206F96FC00B6E700 /* ProtocolArtworkCommentsDisplayViewAccessStrategy.swift */; };
		63A31775206F96FC00B6E700 /* ArtworkCommentsDisplayViewManager.swift in Sources */ = {isa = PBXBuildFile; fileRef = 63A3175D206F96FC00B6E700 /* ArtworkCommentsDisplayViewManager.swift */; };
		63A31776206F96FC00B6E700 /* GalleryItemDisplayViewAccessStrategy.swift in Sources */ = {isa = PBXBuildFile; fileRef = 63A31760206F96FC00B6E700 /* GalleryItemDisplayViewAccessStrategy.swift */; };
		63A31777206F96FC00B6E700 /* ProtocolGalleryItemDisplayViewAccessStrategy.swift in Sources */ = {isa = PBXBuildFile; fileRef = 63A31762206F96FC00B6E700 /* ProtocolGalleryItemDisplayViewAccessStrategy.swift */; };
		63A31778206F96FC00B6E700 /* GalleryItemDisplayViewManager.swift in Sources */ = {isa = PBXBuildFile; fileRef = 63A31763206F96FC00B6E700 /* GalleryItemDisplayViewManager.swift */; };
		63A31779206F96FC00B6E700 /* GalleryListDisplayViewAccessStrategy.swift in Sources */ = {isa = PBXBuildFile; fileRef = 63A31766206F96FC00B6E700 /* GalleryListDisplayViewAccessStrategy.swift */; };
		63A3177A206F96FC00B6E700 /* ProtocolGalleryListDisplayViewAccessStrategy.swift in Sources */ = {isa = PBXBuildFile; fileRef = 63A31768206F96FC00B6E700 /* ProtocolGalleryListDisplayViewAccessStrategy.swift */; };
		63A3177B206F96FC00B6E700 /* GalleryListDisplayViewManager.swift in Sources */ = {isa = PBXBuildFile; fileRef = 63A31769206F96FC00B6E700 /* GalleryListDisplayViewManager.swift */; };
		63A3177C206F96FC00B6E700 /* AwardsBarViewViewAccessStrategy.swift in Sources */ = {isa = PBXBuildFile; fileRef = 63A3176D206F96FC00B6E700 /* AwardsBarViewViewAccessStrategy.swift */; };
		63A3177D206F96FC00B6E700 /* ProtocolAwardsBarViewViewAccessStrategy.swift in Sources */ = {isa = PBXBuildFile; fileRef = 63A3176F206F96FC00B6E700 /* ProtocolAwardsBarViewViewAccessStrategy.swift */; };
		63A3177E206F96FC00B6E700 /* ProtocolAwardsBarView.swift in Sources */ = {isa = PBXBuildFile; fileRef = 63A31771206F96FC00B6E700 /* ProtocolAwardsBarView.swift */; };
		63A3177F206F96FC00B6E700 /* AwardsBarViewViewManager.swift in Sources */ = {isa = PBXBuildFile; fileRef = 63A31772206F96FC00B6E700 /* AwardsBarViewViewManager.swift */; };
		63A317D0206F9DEC00B6E700 /* NewsBarViewViewAccessStrategy.swift in Sources */ = {isa = PBXBuildFile; fileRef = 63A317CB206F9DEC00B6E700 /* NewsBarViewViewAccessStrategy.swift */; };
		63A317D1206F9DEC00B6E700 /* ProtocolNewsBarViewViewAccessStrategy.swift in Sources */ = {isa = PBXBuildFile; fileRef = 63A317CD206F9DEC00B6E700 /* ProtocolNewsBarViewViewAccessStrategy.swift */; };
		63A317D2206F9DEC00B6E700 /* NewsBarViewViewManager.swift in Sources */ = {isa = PBXBuildFile; fileRef = 63A317CE206F9DEC00B6E700 /* NewsBarViewViewManager.swift */; };
		63A31809206FA15A00B6E700 /* ProtocolNewsBarView.swift in Sources */ = {isa = PBXBuildFile; fileRef = 63A31808206FA15A00B6E700 /* ProtocolNewsBarView.swift */; };
		63F353791EDB2B5600C7D6EC /* f26View.h in Headers */ = {isa = PBXBuildFile; fileRef = 63F353771EDB2B5600C7D6EC /* f26View.h */; settings = {ATTRIBUTES = (Public, ); }; };
/* End PBXBuildFile section */

/* Begin PBXFileReference section */
		6342C8E31F3F4FCD00B1E9EB /* SFView.framework */ = {isa = PBXFileReference; lastKnownFileType = wrapper.framework; name = SFView.framework; path = "../../../../Library/Developer/Xcode/DerivedData/f26-dywyvnwocvdajnfqerzghdpbjcjm/Build/Products/Debug-iphonesimulator/SFView.framework"; sourceTree = "<group>"; };
		6390F7981F916FF50012A463 /* f26Core.framework */ = {isa = PBXFileReference; explicitFileType = wrapper.framework; path = f26Core.framework; sourceTree = BUILT_PRODUCTS_DIR; };
		63A3175A206F96FC00B6E700 /* ArtworkCommentsDisplayViewAccessStrategy.swift */ = {isa = PBXFileReference; fileEncoding = 4; lastKnownFileType = sourcecode.swift; path = ArtworkCommentsDisplayViewAccessStrategy.swift; sourceTree = "<group>"; };
		63A3175C206F96FC00B6E700 /* ProtocolArtworkCommentsDisplayViewAccessStrategy.swift */ = {isa = PBXFileReference; fileEncoding = 4; lastKnownFileType = sourcecode.swift; path = ProtocolArtworkCommentsDisplayViewAccessStrategy.swift; sourceTree = "<group>"; };
		63A3175D206F96FC00B6E700 /* ArtworkCommentsDisplayViewManager.swift */ = {isa = PBXFileReference; fileEncoding = 4; lastKnownFileType = sourcecode.swift; path = ArtworkCommentsDisplayViewManager.swift; sourceTree = "<group>"; };
		63A31760206F96FC00B6E700 /* GalleryItemDisplayViewAccessStrategy.swift */ = {isa = PBXFileReference; fileEncoding = 4; lastKnownFileType = sourcecode.swift; path = GalleryItemDisplayViewAccessStrategy.swift; sourceTree = "<group>"; };
		63A31762206F96FC00B6E700 /* ProtocolGalleryItemDisplayViewAccessStrategy.swift */ = {isa = PBXFileReference; fileEncoding = 4; lastKnownFileType = sourcecode.swift; path = ProtocolGalleryItemDisplayViewAccessStrategy.swift; sourceTree = "<group>"; };
		63A31763206F96FC00B6E700 /* GalleryItemDisplayViewManager.swift */ = {isa = PBXFileReference; fileEncoding = 4; lastKnownFileType = sourcecode.swift; path = GalleryItemDisplayViewManager.swift; sourceTree = "<group>"; };
		63A31766206F96FC00B6E700 /* GalleryListDisplayViewAccessStrategy.swift */ = {isa = PBXFileReference; fileEncoding = 4; lastKnownFileType = sourcecode.swift; path = GalleryListDisplayViewAccessStrategy.swift; sourceTree = "<group>"; };
		63A31768206F96FC00B6E700 /* ProtocolGalleryListDisplayViewAccessStrategy.swift */ = {isa = PBXFileReference; fileEncoding = 4; lastKnownFileType = sourcecode.swift; path = ProtocolGalleryListDisplayViewAccessStrategy.swift; sourceTree = "<group>"; };
		63A31769206F96FC00B6E700 /* GalleryListDisplayViewManager.swift */ = {isa = PBXFileReference; fileEncoding = 4; lastKnownFileType = sourcecode.swift; path = GalleryListDisplayViewManager.swift; sourceTree = "<group>"; };
		63A3176D206F96FC00B6E700 /* AwardsBarViewViewAccessStrategy.swift */ = {isa = PBXFileReference; fileEncoding = 4; lastKnownFileType = sourcecode.swift; path = AwardsBarViewViewAccessStrategy.swift; sourceTree = "<group>"; };
		63A3176F206F96FC00B6E700 /* ProtocolAwardsBarViewViewAccessStrategy.swift */ = {isa = PBXFileReference; fileEncoding = 4; lastKnownFileType = sourcecode.swift; path = ProtocolAwardsBarViewViewAccessStrategy.swift; sourceTree = "<group>"; };
		63A31771206F96FC00B6E700 /* ProtocolAwardsBarView.swift */ = {isa = PBXFileReference; fileEncoding = 4; lastKnownFileType = sourcecode.swift; path = ProtocolAwardsBarView.swift; sourceTree = "<group>"; };
		63A31772206F96FC00B6E700 /* AwardsBarViewViewManager.swift */ = {isa = PBXFileReference; fileEncoding = 4; lastKnownFileType = sourcecode.swift; path = AwardsBarViewViewManager.swift; sourceTree = "<group>"; };
		63A317CB206F9DEC00B6E700 /* NewsBarViewViewAccessStrategy.swift */ = {isa = PBXFileReference; fileEncoding = 4; lastKnownFileType = sourcecode.swift; path = NewsBarViewViewAccessStrategy.swift; sourceTree = "<group>"; };
		63A317CD206F9DEC00B6E700 /* ProtocolNewsBarViewViewAccessStrategy.swift */ = {isa = PBXFileReference; fileEncoding = 4; lastKnownFileType = sourcecode.swift; path = ProtocolNewsBarViewViewAccessStrategy.swift; sourceTree = "<group>"; };
		63A317CE206F9DEC00B6E700 /* NewsBarViewViewManager.swift */ = {isa = PBXFileReference; fileEncoding = 4; lastKnownFileType = sourcecode.swift; path = NewsBarViewViewManager.swift; sourceTree = "<group>"; };
		63A31808206FA15A00B6E700 /* ProtocolNewsBarView.swift */ = {isa = PBXFileReference; lastKnownFileType = sourcecode.swift; path = ProtocolNewsBarView.swift; sourceTree = "<group>"; };
		63F353741EDB2B5600C7D6EC /* f26View.framework */ = {isa = PBXFileReference; explicitFileType = wrapper.framework; includeInIndex = 0; path = f26View.framework; sourceTree = BUILT_PRODUCTS_DIR; };
		63F353771EDB2B5600C7D6EC /* f26View.h */ = {isa = PBXFileReference; lastKnownFileType = sourcecode.c.h; path = f26View.h; sourceTree = "<group>"; };
		63F353781EDB2B5600C7D6EC /* Info.plist */ = {isa = PBXFileReference; lastKnownFileType = text.plist.xml; path = Info.plist; sourceTree = "<group>"; };
/* End PBXFileReference section */

/* Begin PBXFrameworksBuildPhase section */
		63F353701EDB2B5600C7D6EC /* Frameworks */ = {
			isa = PBXFrameworksBuildPhase;
			buildActionMask = 2147483647;
			files = (
				6390F7971F916FF50012A463 /* f26Core.framework in Frameworks */,
				6342C8E41F3F4FCD00B1E9EB /* SFView.framework in Frameworks */,
			);
			runOnlyForDeploymentPostprocessing = 0;
		};
/* End PBXFrameworksBuildPhase section */

/* Begin PBXGroup section */
		6342C8E21F3F4FCD00B1E9EB /* Frameworks */ = {
			isa = PBXGroup;
			children = (
				6342C8E31F3F4FCD00B1E9EB /* SFView.framework */,
				6390F7981F916FF50012A463 /* f26Core.framework */,
			);
			name = Frameworks;
			sourceTree = "<group>";
		};
		63A31757206F96FC00B6E700 /* Displays */ = {
			isa = PBXGroup;
			children = (
				63A31758206F96FC00B6E700 /* ArtworkCommentsDisplay */,
				63A3175E206F96FC00B6E700 /* GalleryItemDisplay */,
				63A31764206F96FC00B6E700 /* GalleryListDisplay */,
			);
			path = Displays;
			sourceTree = "<group>";
		};
		63A31758206F96FC00B6E700 /* ArtworkCommentsDisplay */ = {
			isa = PBXGroup;
			children = (
				63A31759206F96FC00B6E700 /* ViewAccessStrategies */,
				63A3175D206F96FC00B6E700 /* ArtworkCommentsDisplayViewManager.swift */,
			);
			path = ArtworkCommentsDisplay;
			sourceTree = "<group>";
		};
		63A31759206F96FC00B6E700 /* ViewAccessStrategies */ = {
			isa = PBXGroup;
			children = (
				63A3175B206F96FC00B6E700 /* Protocols */,
				63A3175A206F96FC00B6E700 /* ArtworkCommentsDisplayViewAccessStrategy.swift */,
			);
			path = ViewAccessStrategies;
			sourceTree = "<group>";
		};
		63A3175B206F96FC00B6E700 /* Protocols */ = {
			isa = PBXGroup;
			children = (
				63A3175C206F96FC00B6E700 /* ProtocolArtworkCommentsDisplayViewAccessStrategy.swift */,
			);
			path = Protocols;
			sourceTree = "<group>";
		};
		63A3175E206F96FC00B6E700 /* GalleryItemDisplay */ = {
			isa = PBXGroup;
			children = (
				63A3175F206F96FC00B6E700 /* ViewAccessStrategies */,
				63A31763206F96FC00B6E700 /* GalleryItemDisplayViewManager.swift */,
			);
			path = GalleryItemDisplay;
			sourceTree = "<group>";
		};
		63A3175F206F96FC00B6E700 /* ViewAccessStrategies */ = {
			isa = PBXGroup;
			children = (
				63A31761206F96FC00B6E700 /* Protocols */,
				63A31760206F96FC00B6E700 /* GalleryItemDisplayViewAccessStrategy.swift */,
			);
			path = ViewAccessStrategies;
			sourceTree = "<group>";
		};
		63A31761206F96FC00B6E700 /* Protocols */ = {
			isa = PBXGroup;
			children = (
				63A31762206F96FC00B6E700 /* ProtocolGalleryItemDisplayViewAccessStrategy.swift */,
			);
			path = Protocols;
			sourceTree = "<group>";
		};
		63A31764206F96FC00B6E700 /* GalleryListDisplay */ = {
			isa = PBXGroup;
			children = (
				63A3176A206F96FC00B6E700 /* Views */,
				63A31765206F96FC00B6E700 /* ViewAccessStrategies */,
				63A31769206F96FC00B6E700 /* GalleryListDisplayViewManager.swift */,
			);
			path = GalleryListDisplay;
			sourceTree = "<group>";
		};
		63A31765206F96FC00B6E700 /* ViewAccessStrategies */ = {
			isa = PBXGroup;
			children = (
				63A31767206F96FC00B6E700 /* Protocols */,
				63A31766206F96FC00B6E700 /* GalleryListDisplayViewAccessStrategy.swift */,
			);
			path = ViewAccessStrategies;
			sourceTree = "<group>";
		};
		63A31767206F96FC00B6E700 /* Protocols */ = {
			isa = PBXGroup;
			children = (
				63A31768206F96FC00B6E700 /* ProtocolGalleryListDisplayViewAccessStrategy.swift */,
			);
			path = Protocols;
			sourceTree = "<group>";
		};
		63A3176A206F96FC00B6E700 /* Views */ = {
			isa = PBXGroup;
			children = (
				63A3176B206F96FC00B6E700 /* AwardsBarView */,
				63A317C9206F9DEC00B6E700 /* NewsBarView */,
			);
			path = Views;
			sourceTree = "<group>";
		};
		63A3176B206F96FC00B6E700 /* AwardsBarView */ = {
			isa = PBXGroup;
			children = (
				63A31770206F96FC00B6E700 /* Protocols */,
				63A3176C206F96FC00B6E700 /* ViewAccessStrategies */,
				63A31772206F96FC00B6E700 /* AwardsBarViewViewManager.swift */,
			);
			path = AwardsBarView;
			sourceTree = "<group>";
		};
		63A3176C206F96FC00B6E700 /* ViewAccessStrategies */ = {
			isa = PBXGroup;
			children = (
				63A3176E206F96FC00B6E700 /* Protocols */,
				63A3176D206F96FC00B6E700 /* AwardsBarViewViewAccessStrategy.swift */,
			);
			path = ViewAccessStrategies;
			sourceTree = "<group>";
		};
		63A3176E206F96FC00B6E700 /* Protocols */ = {
			isa = PBXGroup;
			children = (
				63A3176F206F96FC00B6E700 /* ProtocolAwardsBarViewViewAccessStrategy.swift */,
			);
			path = Protocols;
			sourceTree = "<group>";
		};
		63A31770206F96FC00B6E700 /* Protocols */ = {
			isa = PBXGroup;
			children = (
				63A31771206F96FC00B6E700 /* ProtocolAwardsBarView.swift */,
			);
			path = Protocols;
			sourceTree = "<group>";
		};
		63A317C9206F9DEC00B6E700 /* NewsBarView */ = {
			isa = PBXGroup;
			children = (
				63A317CF206F9DEC00B6E700 /* Protocols */,
				63A317CA206F9DEC00B6E700 /* ViewAccessStrategies */,
				63A317CE206F9DEC00B6E700 /* NewsBarViewViewManager.swift */,
			);
			path = NewsBarView;
			sourceTree = "<group>";
		};
		63A317CA206F9DEC00B6E700 /* ViewAccessStrategies */ = {
			isa = PBXGroup;
			children = (
				63A317CC206F9DEC00B6E700 /* Protocols */,
				63A317CB206F9DEC00B6E700 /* NewsBarViewViewAccessStrategy.swift */,
			);
			path = ViewAccessStrategies;
			sourceTree = "<group>";
		};
		63A317CC206F9DEC00B6E700 /* Protocols */ = {
			isa = PBXGroup;
			children = (
				63A317CD206F9DEC00B6E700 /* ProtocolNewsBarViewViewAccessStrategy.swift */,
			);
			path = Protocols;
			sourceTree = "<group>";
		};
		63A317CF206F9DEC00B6E700 /* Protocols */ = {
			isa = PBXGroup;
			children = (
				63A31808206FA15A00B6E700 /* ProtocolNewsBarView.swift */,
			);
			path = Protocols;
			sourceTree = "<group>";
		};
		63F3536A1EDB2B5600C7D6EC = {
			isa = PBXGroup;
			children = (
				63F353761EDB2B5600C7D6EC /* f26View */,
				63F353751EDB2B5600C7D6EC /* Products */,
				6342C8E21F3F4FCD00B1E9EB /* Frameworks */,
			);
			sourceTree = "<group>";
		};
		63F353751EDB2B5600C7D6EC /* Products */ = {
			isa = PBXGroup;
			children = (
				63F353741EDB2B5600C7D6EC /* f26View.framework */,
			);
			name = Products;
			sourceTree = "<group>";
		};
		63F353761EDB2B5600C7D6EC /* f26View */ = {
			isa = PBXGroup;
			children = (
				63A31757206F96FC00B6E700 /* Displays */,
				63F353771EDB2B5600C7D6EC /* f26View.h */,
				63F353781EDB2B5600C7D6EC /* Info.plist */,
			);
			path = f26View;
			sourceTree = "<group>";
		};
/* End PBXGroup section */

/* Begin PBXHeadersBuildPhase section */
		63F353711EDB2B5600C7D6EC /* Headers */ = {
			isa = PBXHeadersBuildPhase;
			buildActionMask = 2147483647;
			files = (
				63F353791EDB2B5600C7D6EC /* f26View.h in Headers */,
			);
			runOnlyForDeploymentPostprocessing = 0;
		};
/* End PBXHeadersBuildPhase section */

/* Begin PBXNativeTarget section */
		63F353731EDB2B5600C7D6EC /* f26View */ = {
			isa = PBXNativeTarget;
			buildConfigurationList = 63F3537C1EDB2B5600C7D6EC /* Build configuration list for PBXNativeTarget "f26View" */;
			buildPhases = (
				63F3536F1EDB2B5600C7D6EC /* Sources */,
				63F353701EDB2B5600C7D6EC /* Frameworks */,
				63F353711EDB2B5600C7D6EC /* Headers */,
				63F353721EDB2B5600C7D6EC /* Resources */,
			);
			buildRules = (
			);
			dependencies = (
			);
			name = f26View;
			productName = f26View;
			productReference = 63F353741EDB2B5600C7D6EC /* f26View.framework */;
			productType = "com.apple.product-type.framework";
		};
/* End PBXNativeTarget section */

/* Begin PBXProject section */
		63F3536B1EDB2B5600C7D6EC /* Project object */ = {
			isa = PBXProject;
			attributes = {
				LastUpgradeCheck = 0910;
				ORGANIZATIONNAME = com.smartfoundation;
				TargetAttributes = {
					63F353731EDB2B5600C7D6EC = {
						CreatedOnToolsVersion = 8.3.2;
						DevelopmentTeam = Z8LTFFXX42;
						LastSwiftMigration = 0900;
						ProvisioningStyle = Automatic;
					};
				};
			};
			buildConfigurationList = 63F3536E1EDB2B5600C7D6EC /* Build configuration list for PBXProject "f26View" */;
			compatibilityVersion = "Xcode 3.2";
			developmentRegion = English;
			hasScannedForEncodings = 0;
			knownRegions = (
				en,
			);
			mainGroup = 63F3536A1EDB2B5600C7D6EC;
			productRefGroup = 63F353751EDB2B5600C7D6EC /* Products */;
			projectDirPath = "";
			projectRoot = "";
			targets = (
				63F353731EDB2B5600C7D6EC /* f26View */,
			);
		};
/* End PBXProject section */

/* Begin PBXResourcesBuildPhase section */
		63F353721EDB2B5600C7D6EC /* Resources */ = {
			isa = PBXResourcesBuildPhase;
			buildActionMask = 2147483647;
			files = (
			);
			runOnlyForDeploymentPostprocessing = 0;
		};
/* End PBXResourcesBuildPhase section */

/* Begin PBXSourcesBuildPhase section */
		63F3536F1EDB2B5600C7D6EC /* Sources */ = {
			isa = PBXSourcesBuildPhase;
			buildActionMask = 2147483647;
			files = (
				63A3177F206F96FC00B6E700 /* AwardsBarViewViewManager.swift in Sources */,
				63A31775206F96FC00B6E700 /* ArtworkCommentsDisplayViewManager.swift in Sources */,
				63A3177A206F96FC00B6E700 /* ProtocolGalleryListDisplayViewAccessStrategy.swift in Sources */,
				63A3177E206F96FC00B6E700 /* ProtocolAwardsBarView.swift in Sources */,
				63A31773206F96FC00B6E700 /* ArtworkCommentsDisplayViewAccessStrategy.swift in Sources */,
				63A317D0206F9DEC00B6E700 /* NewsBarViewViewAccessStrategy.swift in Sources */,
				63A31776206F96FC00B6E700 /* GalleryItemDisplayViewAccessStrategy.swift in Sources */,
				63A31809206FA15A00B6E700 /* ProtocolNewsBarView.swift in Sources */,
				63A3177C206F96FC00B6E700 /* AwardsBarViewViewAccessStrategy.swift in Sources */,
				63A3177D206F96FC00B6E700 /* ProtocolAwardsBarViewViewAccessStrategy.swift in Sources */,
				63A31779206F96FC00B6E700 /* GalleryListDisplayViewAccessStrategy.swift in Sources */,
				63A317D2206F9DEC00B6E700 /* NewsBarViewViewManager.swift in Sources */,
				63A31778206F96FC00B6E700 /* GalleryItemDisplayViewManager.swift in Sources */,
				63A31774206F96FC00B6E700 /* ProtocolArtworkCommentsDisplayViewAccessStrategy.swift in Sources */,
				63A317D1206F9DEC00B6E700 /* ProtocolNewsBarViewViewAccessStrategy.swift in Sources */,
				63A3177B206F96FC00B6E700 /* GalleryListDisplayViewManager.swift in Sources */,
				63A31777206F96FC00B6E700 /* ProtocolGalleryItemDisplayViewAccessStrategy.swift in Sources */,
			);
			runOnlyForDeploymentPostprocessing = 0;
		};
/* End PBXSourcesBuildPhase section */

/* Begin XCBuildConfiguration section */
		63F3537A1EDB2B5600C7D6EC /* Debug */ = {
			isa = XCBuildConfiguration;
			buildSettings = {
				ALWAYS_SEARCH_USER_PATHS = NO;
				CLANG_ANALYZER_NONNULL = YES;
				CLANG_ANALYZER_NUMBER_OBJECT_CONVERSION = YES_AGGRESSIVE;
				CLANG_CXX_LANGUAGE_STANDARD = "gnu++0x";
				CLANG_CXX_LIBRARY = "libc++";
				CLANG_ENABLE_MODULES = YES;
				CLANG_ENABLE_OBJC_ARC = YES;
				CLANG_WARN_BLOCK_CAPTURE_AUTORELEASING = YES;
				CLANG_WARN_BOOL_CONVERSION = YES;
				CLANG_WARN_COMMA = YES;
				CLANG_WARN_CONSTANT_CONVERSION = YES;
				CLANG_WARN_DIRECT_OBJC_ISA_USAGE = YES_ERROR;
				CLANG_WARN_DOCUMENTATION_COMMENTS = YES;
				CLANG_WARN_EMPTY_BODY = YES;
				CLANG_WARN_ENUM_CONVERSION = YES;
				CLANG_WARN_INFINITE_RECURSION = YES;
				CLANG_WARN_INT_CONVERSION = YES;
				CLANG_WARN_NON_LITERAL_NULL_CONVERSION = YES;
				CLANG_WARN_OBJC_LITERAL_CONVERSION = YES;
				CLANG_WARN_OBJC_ROOT_CLASS = YES_ERROR;
				CLANG_WARN_RANGE_LOOP_ANALYSIS = YES;
				CLANG_WARN_STRICT_PROTOTYPES = YES;
				CLANG_WARN_SUSPICIOUS_MOVE = YES;
				CLANG_WARN_UNREACHABLE_CODE = YES;
				CLANG_WARN__DUPLICATE_METHOD_MATCH = YES;
				"CODE_SIGN_IDENTITY[sdk=iphoneos*]" = "iPhone Developer";
				COPY_PHASE_STRIP = NO;
				CURRENT_PROJECT_VERSION = 1;
				DEBUG_INFORMATION_FORMAT = dwarf;
				ENABLE_STRICT_OBJC_MSGSEND = YES;
				ENABLE_TESTABILITY = YES;
				GCC_C_LANGUAGE_STANDARD = gnu99;
				GCC_DYNAMIC_NO_PIC = NO;
				GCC_NO_COMMON_BLOCKS = YES;
				GCC_OPTIMIZATION_LEVEL = 0;
				GCC_PREPROCESSOR_DEFINITIONS = (
					"DEBUG=1",
					"$(inherited)",
				);
				GCC_WARN_64_TO_32_BIT_CONVERSION = YES;
				GCC_WARN_ABOUT_RETURN_TYPE = YES_ERROR;
				GCC_WARN_UNDECLARED_SELECTOR = YES;
				GCC_WARN_UNINITIALIZED_AUTOS = YES_AGGRESSIVE;
				GCC_WARN_UNUSED_FUNCTION = YES;
				GCC_WARN_UNUSED_VARIABLE = YES;
				IPHONEOS_DEPLOYMENT_TARGET = 10.3;
				MTL_ENABLE_DEBUG_INFO = YES;
				ONLY_ACTIVE_ARCH = YES;
				SDKROOT = iphoneos;
				SWIFT_ACTIVE_COMPILATION_CONDITIONS = DEBUG;
				SWIFT_OPTIMIZATION_LEVEL = "-Onone";
				TARGETED_DEVICE_FAMILY = "1,2";
				VERSIONING_SYSTEM = "apple-generic";
				VERSION_INFO_PREFIX = "";
			};
			name = Debug;
		};
		63F3537B1EDB2B5600C7D6EC /* Release */ = {
			isa = XCBuildConfiguration;
			buildSettings = {
				ALWAYS_SEARCH_USER_PATHS = NO;
				CLANG_ANALYZER_NONNULL = YES;
				CLANG_ANALYZER_NUMBER_OBJECT_CONVERSION = YES_AGGRESSIVE;
				CLANG_CXX_LANGUAGE_STANDARD = "gnu++0x";
				CLANG_CXX_LIBRARY = "libc++";
				CLANG_ENABLE_MODULES = YES;
				CLANG_ENABLE_OBJC_ARC = YES;
				CLANG_WARN_BLOCK_CAPTURE_AUTORELEASING = YES;
				CLANG_WARN_BOOL_CONVERSION = YES;
				CLANG_WARN_COMMA = YES;
				CLANG_WARN_CONSTANT_CONVERSION = YES;
				CLANG_WARN_DIRECT_OBJC_ISA_USAGE = YES_ERROR;
				CLANG_WARN_DOCUMENTATION_COMMENTS = YES;
				CLANG_WARN_EMPTY_BODY = YES;
				CLANG_WARN_ENUM_CONVERSION = YES;
				CLANG_WARN_INFINITE_RECURSION = YES;
				CLANG_WARN_INT_CONVERSION = YES;
				CLANG_WARN_NON_LITERAL_NULL_CONVERSION = YES;
				CLANG_WARN_OBJC_LITERAL_CONVERSION = YES;
				CLANG_WARN_OBJC_ROOT_CLASS = YES_ERROR;
				CLANG_WARN_RANGE_LOOP_ANALYSIS = YES;
				CLANG_WARN_STRICT_PROTOTYPES = YES;
				CLANG_WARN_SUSPICIOUS_MOVE = YES;
				CLANG_WARN_UNREACHABLE_CODE = YES;
				CLANG_WARN__DUPLICATE_METHOD_MATCH = YES;
				"CODE_SIGN_IDENTITY[sdk=iphoneos*]" = "iPhone Developer";
				COPY_PHASE_STRIP = NO;
				CURRENT_PROJECT_VERSION = 1;
				DEBUG_INFORMATION_FORMAT = "dwarf-with-dsym";
				ENABLE_NS_ASSERTIONS = NO;
				ENABLE_STRICT_OBJC_MSGSEND = YES;
				GCC_C_LANGUAGE_STANDARD = gnu99;
				GCC_NO_COMMON_BLOCKS = YES;
				GCC_WARN_64_TO_32_BIT_CONVERSION = YES;
				GCC_WARN_ABOUT_RETURN_TYPE = YES_ERROR;
				GCC_WARN_UNDECLARED_SELECTOR = YES;
				GCC_WARN_UNINITIALIZED_AUTOS = YES_AGGRESSIVE;
				GCC_WARN_UNUSED_FUNCTION = YES;
				GCC_WARN_UNUSED_VARIABLE = YES;
				IPHONEOS_DEPLOYMENT_TARGET = 10.3;
				MTL_ENABLE_DEBUG_INFO = NO;
				SDKROOT = iphoneos;
				SWIFT_OPTIMIZATION_LEVEL = "-Owholemodule";
				TARGETED_DEVICE_FAMILY = "1,2";
				VALIDATE_PRODUCT = YES;
				VERSIONING_SYSTEM = "apple-generic";
				VERSION_INFO_PREFIX = "";
			};
			name = Release;
		};
		63F3537D1EDB2B5600C7D6EC /* Debug */ = {
			isa = XCBuildConfiguration;
			buildSettings = {
				CLANG_ENABLE_MODULES = YES;
				CODE_SIGN_IDENTITY = "";
				"CODE_SIGN_IDENTITY[sdk=iphoneos*]" = "";
				DEFINES_MODULE = YES;
				DEVELOPMENT_TEAM = Z8LTFFXX42;
				DYLIB_COMPATIBILITY_VERSION = 1;
				DYLIB_CURRENT_VERSION = 1;
				DYLIB_INSTALL_NAME_BASE = "@rpath";
				INFOPLIST_FILE = f26View/Info.plist;
				INSTALL_PATH = "$(LOCAL_LIBRARY_DIR)/Frameworks";
				IPHONEOS_DEPLOYMENT_TARGET = 10.0;
				LD_RUNPATH_SEARCH_PATHS = "$(inherited) @executable_path/Frameworks @loader_path/Frameworks";
				PRODUCT_BUNDLE_IDENTIFIER = com.smartfoundation.f26View;
				PRODUCT_NAME = "$(TARGET_NAME)";
				SKIP_INSTALL = YES;
				SWIFT_OPTIMIZATION_LEVEL = "-Onone";
				SWIFT_SWIFT3_OBJC_INFERENCE = Default;
				SWIFT_VERSION = 4.0;
			};
			name = Debug;
		};
		63F3537E1EDB2B5600C7D6EC /* Release */ = {
			isa = XCBuildConfiguration;
			buildSettings = {
				CLANG_ENABLE_MODULES = YES;
				CODE_SIGN_IDENTITY = "";
				DEFINES_MODULE = YES;
				DEVELOPMENT_TEAM = Z8LTFFXX42;
				DYLIB_COMPATIBILITY_VERSION = 1;
				DYLIB_CURRENT_VERSION = 1;
				DYLIB_INSTALL_NAME_BASE = "@rpath";
				INFOPLIST_FILE = f26View/Info.plist;
				INSTALL_PATH = "$(LOCAL_LIBRARY_DIR)/Frameworks";
				IPHONEOS_DEPLOYMENT_TARGET = 10.0;
				LD_RUNPATH_SEARCH_PATHS = "$(inherited) @executable_path/Frameworks @loader_path/Frameworks";
				PRODUCT_BUNDLE_IDENTIFIER = com.smartfoundation.f26View;
				PRODUCT_NAME = "$(TARGET_NAME)";
				SKIP_INSTALL = YES;
				SWIFT_SWIFT3_OBJC_INFERENCE = Default;
				SWIFT_VERSION = 4.0;
			};
			name = Release;
		};
/* End XCBuildConfiguration section */

/* Begin XCConfigurationList section */
		63F3536E1EDB2B5600C7D6EC /* Build configuration list for PBXProject "f26View" */ = {
			isa = XCConfigurationList;
			buildConfigurations = (
				63F3537A1EDB2B5600C7D6EC /* Debug */,
				63F3537B1EDB2B5600C7D6EC /* Release */,
			);
			defaultConfigurationIsVisible = 0;
			defaultConfigurationName = Release;
		};
		63F3537C1EDB2B5600C7D6EC /* Build configuration list for PBXNativeTarget "f26View" */ = {
			isa = XCConfigurationList;
			buildConfigurations = (
				63F3537D1EDB2B5600C7D6EC /* Debug */,
				63F3537E1EDB2B5600C7D6EC /* Release */,
			);
			defaultConfigurationIsVisible = 0;
			defaultConfigurationName = Release;
		};
/* End XCConfigurationList section */
	};
	rootObject = 63F3536B1EDB2B5600C7D6EC /* Project object */;
}
